// !$*UTF8*$!
{
	archiveVersion = 1;
	classes = {
	};
	objectVersion = 46;
	objects = {

/* Begin PBXBuildFile section */
		AF0D4CA31E1247FE00528866 /* AppDelegate.swift in Sources */ = {isa = PBXBuildFile; fileRef = AF0D4CA21E1247FE00528866 /* AppDelegate.swift */; };
		AF0D4CA51E1247FE00528866 /* ViewController.swift in Sources */ = {isa = PBXBuildFile; fileRef = AF0D4CA41E1247FE00528866 /* ViewController.swift */; };
		AF0D4CA81E1247FE00528866 /* Main.storyboard in Resources */ = {isa = PBXBuildFile; fileRef = AF0D4CA61E1247FE00528866 /* Main.storyboard */; };
		AF0D4CAA1E1247FE00528866 /* Assets.xcassets in Resources */ = {isa = PBXBuildFile; fileRef = AF0D4CA91E1247FE00528866 /* Assets.xcassets */; };
		AF0D4CAD1E1247FE00528866 /* LaunchScreen.storyboard in Resources */ = {isa = PBXBuildFile; fileRef = AF0D4CAB1E1247FE00528866 /* LaunchScreen.storyboard */; };
		AF0D4CB81E1247FF00528866 /* tableviewDemoTests.swift in Sources */ = {isa = PBXBuildFile; fileRef = AF0D4CB71E1247FF00528866 /* tableviewDemoTests.swift */; };
		AF0D4CC31E1247FF00528866 /* tableviewDemoUITests.swift in Sources */ = {isa = PBXBuildFile; fileRef = AF0D4CC21E1247FF00528866 /* tableviewDemoUITests.swift */; };
		AF0D4CD11E12519700528866 /* MyCustomCell.swift in Sources */ = {isa = PBXBuildFile; fileRef = AF0D4CD01E12519700528866 /* MyCustomCell.swift */; };
/* End PBXBuildFile section */

/* Begin PBXContainerItemProxy section */
		AF0D4CB41E1247FE00528866 /* PBXContainerItemProxy */ = {
			isa = PBXContainerItemProxy;
			containerPortal = AF0D4C971E1247FE00528866 /* Project object */;
			proxyType = 1;
			remoteGlobalIDString = AF0D4C9E1E1247FE00528866;
			remoteInfo = tableviewDemo;
		};
		AF0D4CBF1E1247FF00528866 /* PBXContainerItemProxy */ = {
			isa = PBXContainerItemProxy;
			containerPortal = AF0D4C971E1247FE00528866 /* Project object */;
			proxyType = 1;
			remoteGlobalIDString = AF0D4C9E1E1247FE00528866;
			remoteInfo = tableviewDemo;
		};
/* End PBXContainerItemProxy section */

/* Begin PBXFileReference section */
		AF0D4C9F1E1247FE00528866 /* tableviewDemo.app */ = {isa = PBXFileReference; explicitFileType = wrapper.application; includeInIndex = 0; path = tableviewDemo.app; sourceTree = BUILT_PRODUCTS_DIR; };
		AF0D4CA21E1247FE00528866 /* AppDelegate.swift */ = {isa = PBXFileReference; lastKnownFileType = sourcecode.swift; path = AppDelegate.swift; sourceTree = "<group>"; };
		AF0D4CA41E1247FE00528866 /* ViewController.swift */ = {isa = PBXFileReference; lastKnownFileType = sourcecode.swift; path = ViewController.swift; sourceTree = "<group>"; };
		AF0D4CA71E1247FE00528866 /* Base */ = {isa = PBXFileReference; lastKnownFileType = file.storyboard; name = Base; path = Base.lproj/Main.storyboard; sourceTree = "<group>"; };
		AF0D4CA91E1247FE00528866 /* Assets.xcassets */ = {isa = PBXFileReference; lastKnownFileType = folder.assetcatalog; path = Assets.xcassets; sourceTree = "<group>"; };
		AF0D4CAC1E1247FE00528866 /* Base */ = {isa = PBXFileReference; lastKnownFileType = file.storyboard; name = Base; path = Base.lproj/LaunchScreen.storyboard; sourceTree = "<group>"; };
		AF0D4CAE1E1247FE00528866 /* Info.plist */ = {isa = PBXFileReference; lastKnownFileType = text.plist.xml; path = Info.plist; sourceTree = "<group>"; };
		AF0D4CB31E1247FE00528866 /* tableviewDemoTests.xctest */ = {isa = PBXFileReference; explicitFileType = wrapper.cfbundle; includeInIndex = 0; path = tableviewDemoTests.xctest; sourceTree = BUILT_PRODUCTS_DIR; };
		AF0D4CB71E1247FF00528866 /* tableviewDemoTests.swift */ = {isa = PBXFileReference; lastKnownFileType = sourcecode.swift; path = tableviewDemoTests.swift; sourceTree = "<group>"; };
		AF0D4CB91E1247FF00528866 /* Info.plist */ = {isa = PBXFileReference; lastKnownFileType = text.plist.xml; path = Info.plist; sourceTree = "<group>"; };
		AF0D4CBE1E1247FF00528866 /* tableviewDemoUITests.xctest */ = {isa = PBXFileReference; explicitFileType = wrapper.cfbundle; includeInIndex = 0; path = tableviewDemoUITests.xctest; sourceTree = BUILT_PRODUCTS_DIR; };
		AF0D4CC21E1247FF00528866 /* tableviewDemoUITests.swift */ = {isa = PBXFileReference; lastKnownFileType = sourcecode.swift; path = tableviewDemoUITests.swift; sourceTree = "<group>"; };
		AF0D4CC41E1247FF00528866 /* Info.plist */ = {isa = PBXFileReference; lastKnownFileType = text.plist.xml; path = Info.plist; sourceTree = "<group>"; };
		AF0D4CD01E12519700528866 /* MyCustomCell.swift */ = {isa = PBXFileReference; fileEncoding = 4; lastKnownFileType = sourcecode.swift; path = MyCustomCell.swift; sourceTree = "<group>"; };
/* End PBXFileReference section */

/* Begin PBXFrameworksBuildPhase section */
		AF0D4C9C1E1247FE00528866 /* Frameworks */ = {
			isa = PBXFrameworksBuildPhase;
			buildActionMask = 2147483647;
			files = (
			);
			runOnlyForDeploymentPostprocessing = 0;
		};
		AF0D4CB01E1247FE00528866 /* Frameworks */ = {
			isa = PBXFrameworksBuildPhase;
			buildActionMask = 2147483647;
			files = (
			);
			runOnlyForDeploymentPostprocessing = 0;
		};
		AF0D4CBB1E1247FF00528866 /* Frameworks */ = {
			isa = PBXFrameworksBuildPhase;
			buildActionMask = 2147483647;
			files = (
			);
			runOnlyForDeploymentPostprocessing = 0;
		};
/* End PBXFrameworksBuildPhase section */

/* Begin PBXGroup section */
		AF0D4C961E1247FE00528866 = {
			isa = PBXGroup;
			children = (
				AF0D4CD01E12519700528866 /* MyCustomCell.swift */,
				AF0D4CA11E1247FE00528866 /* tableviewDemo */,
				AF0D4CB61E1247FE00528866 /* tableviewDemoTests */,
				AF0D4CC11E1247FF00528866 /* tableviewDemoUITests */,
				AF0D4CA01E1247FE00528866 /* Products */,
			);
			sourceTree = "<group>";
		};
		AF0D4CA01E1247FE00528866 /* Products */ = {
			isa = PBXGroup;
			children = (
				AF0D4C9F1E1247FE00528866 /* tableviewDemo.app */,
				AF0D4CB31E1247FE00528866 /* tableviewDemoTests.xctest */,
				AF0D4CBE1E1247FF00528866 /* tableviewDemoUITests.xctest */,
			);
			name = Products;
			sourceTree = "<group>";
		};
		AF0D4CA11E1247FE00528866 /* tableviewDemo */ = {
			isa = PBXGroup;
			children = (
				AF0D4CA21E1247FE00528866 /* AppDelegate.swift */,
				AF0D4CA41E1247FE00528866 /* ViewController.swift */,
				AF0D4CA61E1247FE00528866 /* Main.storyboard */,
				AF0D4CA91E1247FE00528866 /* Assets.xcassets */,
				AF0D4CAB1E1247FE00528866 /* LaunchScreen.storyboard */,
				AF0D4CAE1E1247FE00528866 /* Info.plist */,
			);
			path = tableviewDemo;
			sourceTree = "<group>";
		};
		AF0D4CB61E1247FE00528866 /* tableviewDemoTests */ = {
			isa = PBXGroup;
			children = (
				AF0D4CB71E1247FF00528866 /* tableviewDemoTests.swift */,
				AF0D4CB91E1247FF00528866 /* Info.plist */,
			);
			path = tableviewDemoTests;
			sourceTree = "<group>";
		};
		AF0D4CC11E1247FF00528866 /* tableviewDemoUITests */ = {
			isa = PBXGroup;
			children = (
				AF0D4CC21E1247FF00528866 /* tableviewDemoUITests.swift */,
				AF0D4CC41E1247FF00528866 /* Info.plist */,
			);
			path = tableviewDemoUITests;
			sourceTree = "<group>";
		};
/* End PBXGroup section */

/* Begin PBXNativeTarget section */
		AF0D4C9E1E1247FE00528866 /* tableviewDemo */ = {
			isa = PBXNativeTarget;
			buildConfigurationList = AF0D4CC71E1247FF00528866 /* Build configuration list for PBXNativeTarget "tableviewDemo" */;
			buildPhases = (
				AF0D4C9B1E1247FE00528866 /* Sources */,
				AF0D4C9C1E1247FE00528866 /* Frameworks */,
				AF0D4C9D1E1247FE00528866 /* Resources */,
			);
			buildRules = (
			);
			dependencies = (
			);
			name = tableviewDemo;
			productName = tableviewDemo;
			productReference = AF0D4C9F1E1247FE00528866 /* tableviewDemo.app */;
			productType = "com.apple.product-type.application";
		};
		AF0D4CB21E1247FE00528866 /* tableviewDemoTests */ = {
			isa = PBXNativeTarget;
			buildConfigurationList = AF0D4CCA1E1247FF00528866 /* Build configuration list for PBXNativeTarget "tableviewDemoTests" */;
			buildPhases = (
				AF0D4CAF1E1247FE00528866 /* Sources */,
				AF0D4CB01E1247FE00528866 /* Frameworks */,
				AF0D4CB11E1247FE00528866 /* Resources */,
			);
			buildRules = (
			);
			dependencies = (
				AF0D4CB51E1247FE00528866 /* PBXTargetDependency */,
			);
			name = tableviewDemoTests;
			productName = tableviewDemoTests;
			productReference = AF0D4CB31E1247FE00528866 /* tableviewDemoTests.xctest */;
			productType = "com.apple.product-type.bundle.unit-test";
		};
		AF0D4CBD1E1247FF00528866 /* tableviewDemoUITests */ = {
			isa = PBXNativeTarget;
			buildConfigurationList = AF0D4CCD1E1247FF00528866 /* Build configuration list for PBXNativeTarget "tableviewDemoUITests" */;
			buildPhases = (
				AF0D4CBA1E1247FF00528866 /* Sources */,
				AF0D4CBB1E1247FF00528866 /* Frameworks */,
				AF0D4CBC1E1247FF00528866 /* Resources */,
			);
			buildRules = (
			);
			dependencies = (
				AF0D4CC01E1247FF00528866 /* PBXTargetDependency */,
			);
			name = tableviewDemoUITests;
			productName = tableviewDemoUITests;
			productReference = AF0D4CBE1E1247FF00528866 /* tableviewDemoUITests.xctest */;
			productType = "com.apple.product-type.bundle.ui-testing";
		};
/* End PBXNativeTarget section */

/* Begin PBXProject section */
		AF0D4C971E1247FE00528866 /* Project object */ = {
			isa = PBXProject;
			attributes = {
				LastSwiftUpdateCheck = 0800;
				LastUpgradeCheck = 0800;
				ORGANIZATIONNAME = com.zaptechsolution;
				TargetAttributes = {
					AF0D4C9E1E1247FE00528866 = {
						CreatedOnToolsVersion = 8.0;
						ProvisioningStyle = Automatic;
					};
					AF0D4CB21E1247FE00528866 = {
						CreatedOnToolsVersion = 8.0;
						ProvisioningStyle = Automatic;
						TestTargetID = AF0D4C9E1E1247FE00528866;
					};
					AF0D4CBD1E1247FF00528866 = {
						CreatedOnToolsVersion = 8.0;
						ProvisioningStyle = Automatic;
						TestTargetID = AF0D4C9E1E1247FE00528866;
					};
				};
			};
			buildConfigurationList = AF0D4C9A1E1247FE00528866 /* Build configuration list for PBXProject "tableviewDemo" */;
			compatibilityVersion = "Xcode 3.2";
			developmentRegion = English;
			hasScannedForEncodings = 0;
			knownRegions = (
				en,
				Base,
			);
			mainGroup = AF0D4C961E1247FE00528866;
			productRefGroup = AF0D4CA01E1247FE00528866 /* Products */;
			projectDirPath = "";
			projectRoot = "";
			targets = (
				AF0D4C9E1E1247FE00528866 /* tableviewDemo */,
				AF0D4CB21E1247FE00528866 /* tableviewDemoTests */,
				AF0D4CBD1E1247FF00528866 /* tableviewDemoUITests */,
			);
		};
/* End PBXProject section */

/* Begin PBXResourcesBuildPhase section */
		AF0D4C9D1E1247FE00528866 /* Resources */ = {
			isa = PBXResourcesBuildPhase;
			buildActionMask = 2147483647;
			files = (
				AF0D4CAD1E1247FE00528866 /* LaunchScreen.storyboard in Resources */,
				AF0D4CAA1E1247FE00528866 /* Assets.xcassets in Resources */,
				AF0D4CA81E1247FE00528866 /* Main.storyboard in Resources */,
			);
			runOnlyForDeploymentPostprocessing = 0;
		};
		AF0D4CB11E1247FE00528866 /* Resources */ = {
			isa = PBXResourcesBuildPhase;
			buildActionMask = 2147483647;
			files = (
			);
			runOnlyForDeploymentPostprocessing = 0;
		};
		AF0D4CBC1E1247FF00528866 /* Resources */ = {
			isa = PBXResourcesBuildPhase;
			buildActionMask = 2147483647;
			files = (
			);
			runOnlyForDeploymentPostprocessing = 0;
		};
/* End PBXResourcesBuildPhase section */

/* Begin PBXSourcesBuildPhase section */
		AF0D4C9B1E1247FE00528866 /* Sources */ = {
			isa = PBXSourcesBuildPhase;
			buildActionMask = 2147483647;
			files = (
				AF0D4CD11E12519700528866 /* MyCustomCell.swift in Sources */,
				AF0D4CA51E1247FE00528866 /* ViewController.swift in Sources */,
				AF0D4CA31E1247FE00528866 /* AppDelegate.swift in Sources */,
			);
			runOnlyForDeploymentPostprocessing = 0;
		};
		AF0D4CAF1E1247FE00528866 /* Sources */ = {
			isa = PBXSourcesBuildPhase;
			buildActionMask = 2147483647;
			files = (
				AF0D4CB81E1247FF00528866 /* tableviewDemoTests.swift in Sources */,
			);
			runOnlyForDeploymentPostprocessing = 0;
		};
		AF0D4CBA1E1247FF00528866 /* Sources */ = {
			isa = PBXSourcesBuildPhase;
			buildActionMask = 2147483647;
			files = (
				AF0D4CC31E1247FF00528866 /* tableviewDemoUITests.swift in Sources */,
			);
			runOnlyForDeploymentPostprocessing = 0;
		};
/* End PBXSourcesBuildPhase section */

/* Begin PBXTargetDependency section */
		AF0D4CB51E1247FE00528866 /* PBXTargetDependency */ = {
			isa = PBXTargetDependency;
			target = AF0D4C9E1E1247FE00528866 /* tableviewDemo */;
			targetProxy = AF0D4CB41E1247FE00528866 /* PBXContainerItemProxy */;
		};
		AF0D4CC01E1247FF00528866 /* PBXTargetDependency */ = {
			isa = PBXTargetDependency;
			target = AF0D4C9E1E1247FE00528866 /* tableviewDemo */;
			targetProxy = AF0D4CBF1E1247FF00528866 /* PBXContainerItemProxy */;
		};
/* End PBXTargetDependency section */

/* Begin PBXVariantGroup section */
		AF0D4CA61E1247FE00528866 /* Main.storyboard */ = {
			isa = PBXVariantGroup;
			children = (
				AF0D4CA71E1247FE00528866 /* Base */,
			);
			name = Main.storyboard;
			sourceTree = "<group>";
		};
		AF0D4CAB1E1247FE00528866 /* LaunchScreen.storyboard */ = {
			isa = PBXVariantGroup;
			children = (
				AF0D4CAC1E1247FE00528866 /* Base */,
			);
			name = LaunchScreen.storyboard;
			sourceTree = "<group>";
		};
/* End PBXVariantGroup section */

/* Begin XCBuildConfiguration section */
		AF0D4CC51E1247FF00528866 /* Debug */ = {
			isa = XCBuildConfiguration;
			buildSettings = {
				ALWAYS_SEARCH_USER_PATHS = NO;
				CLANG_ANALYZER_NONNULL = YES;
				CLANG_CXX_LANGUAGE_STANDARD = "gnu++0x";
				CLANG_CXX_LIBRARY = "libc++";
				CLANG_ENABLE_MODULES = YES;
				CLANG_ENABLE_OBJC_ARC = YES;
				CLANG_WARN_BOOL_CONVERSION = YES;
				CLANG_WARN_CONSTANT_CONVERSION = YES;
				CLANG_WARN_DIRECT_OBJC_ISA_USAGE = YES_ERROR;
				CLANG_WARN_DOCUMENTATION_COMMENTS = YES;
				CLANG_WARN_EMPTY_BODY = YES;
				CLANG_WARN_ENUM_CONVERSION = YES;
				CLANG_WARN_INFINITE_RECURSION = YES;
				CLANG_WARN_INT_CONVERSION = YES;
				CLANG_WARN_OBJC_ROOT_CLASS = YES_ERROR;
				CLANG_WARN_SUSPICIOUS_MOVES = YES;
				CLANG_WARN_UNREACHABLE_CODE = YES;
				CLANG_WARN__DUPLICATE_METHOD_MATCH = YES;
				"CODE_SIGN_IDENTITY[sdk=iphoneos*]" = "iPhone Developer";
				COPY_PHASE_STRIP = NO;
				DEBUG_INFORMATION_FORMAT = dwarf;
				ENABLE_STRICT_OBJC_MSGSEND = YES;
				ENABLE_TESTABILITY = YES;
				GCC_C_LANGUAGE_STANDARD = gnu99;
				GCC_DYNAMIC_NO_PIC = NO;
				GCC_NO_COMMON_BLOCKS = YES;
				GCC_OPTIMIZATION_LEVEL = 0;
				GCC_PREPROCESSOR_DEFINITIONS = (
					"DEBUG=1",
					"$(inherited)",
				);
				GCC_WARN_64_TO_32_BIT_CONVERSION = YES;
				GCC_WARN_ABOUT_RETURN_TYPE = YES_ERROR;
				GCC_WARN_UNDECLARED_SELECTOR = YES;
				GCC_WARN_UNINITIALIZED_AUTOS = YES_AGGRESSIVE;
				GCC_WARN_UNUSED_FUNCTION = YES;
				GCC_WARN_UNUSED_VARIABLE = YES;
				IPHONEOS_DEPLOYMENT_TARGET = 10.0;
				MTL_ENABLE_DEBUG_INFO = YES;
				ONLY_ACTIVE_ARCH = YES;
				SDKROOT = iphoneos;
				SWIFT_ACTIVE_COMPILATION_CONDITIONS = DEBUG;
				SWIFT_OPTIMIZATION_LEVEL = "-Onone";
				TARGETED_DEVICE_FAMILY = "1,2";
			};
			name = Debug;
		};
		AF0D4CC61E1247FF00528866 /* Release */ = {
			isa = XCBuildConfiguration;
			buildSettings = {
				ALWAYS_SEARCH_USER_PATHS = NO;
				CLANG_ANALYZER_NONNULL = YES;
				CLANG_CXX_LANGUAGE_STANDARD = "gnu++0x";
				CLANG_CXX_LIBRARY = "libc++";
				CLANG_ENABLE_MODULES = YES;
				CLANG_ENABLE_OBJC_ARC = YES;
				CLANG_WARN_BOOL_CONVERSION = YES;
				CLANG_WARN_CONSTANT_CONVERSION = YES;
				CLANG_WARN_DIRECT_OBJC_ISA_USAGE = YES_ERROR;
				CLANG_WARN_DOCUMENTATION_COMMENTS = YES;
				CLANG_WARN_EMPTY_BODY = YES;
				CLANG_WARN_ENUM_CONVERSION = YES;
				CLANG_WARN_INFINITE_RECURSION = YES;
				CLANG_WARN_INT_CONVERSION = YES;
				CLANG_WARN_OBJC_ROOT_CLASS = YES_ERROR;
				CLANG_WARN_SUSPICIOUS_MOVES = YES;
				CLANG_WARN_UNREACHABLE_CODE = YES;
				CLANG_WARN__DUPLICATE_METHOD_MATCH = YES;
				"CODE_SIGN_IDENTITY[sdk=iphoneos*]" = "iPhone Developer";
				COPY_PHASE_STRIP = NO;
				DEBUG_INFORMATION_FORMAT = "dwarf-with-dsym";
				ENABLE_NS_ASSERTIONS = NO;
				ENABLE_STRICT_OBJC_MSGSEND = YES;
				GCC_C_LANGUAGE_STANDARD = gnu99;
				GCC_NO_COMMON_BLOCKS = YES;
				GCC_WARN_64_TO_32_BIT_CONVERSION = YES;
				GCC_WARN_ABOUT_RETURN_TYPE = YES_ERROR;
				GCC_WARN_UNDECLARED_SELECTOR = YES;
				GCC_WARN_UNINITIALIZED_AUTOS = YES_AGGRESSIVE;
				GCC_WARN_UNUSED_FUNCTION = YES;
				GCC_WARN_UNUSED_VARIABLE = YES;
				IPHONEOS_DEPLOYMENT_TARGET = 10.0;
				MTL_ENABLE_DEBUG_INFO = NO;
				SDKROOT = iphoneos;
				SWIFT_OPTIMIZATION_LEVEL = "-Owholemodule";
				TARGETED_DEVICE_FAMILY = "1,2";
				VALIDATE_PRODUCT = YES;
			};
			name = Release;
		};
		AF0D4CC81E1247FF00528866 /* Debug */ = {
			isa = XCBuildConfiguration;
			buildSettings = {
				ASSETCATALOG_COMPILER_APPICON_NAME = AppIcon;
				INFOPLIST_FILE = tableviewDemo/Info.plist;
				LD_RUNPATH_SEARCH_PATHS = "$(inherited) @executable_path/Frameworks";
				PRODUCT_BUNDLE_IDENTIFIER = com.zaptechsolution.tableviewDemo;
				PRODUCT_NAME = "$(TARGET_NAME)";
				SWIFT_VERSION = 3.0;
			};
			name = Debug;
		};
		AF0D4CC91E1247FF00528866 /* Release */ = {
			isa = XCBuildConfiguration;
			buildSettings = {
				ASSETCATALOG_COMPILER_APPICON_NAME = AppIcon;
				INFOPLIST_FILE = tableviewDemo/Info.plist;
				LD_RUNPATH_SEARCH_PATHS = "$(inherited) @executable_path/Frameworks";
				PRODUCT_BUNDLE_IDENTIFIER = com.zaptechsolution.tableviewDemo;
				PRODUCT_NAME = "$(TARGET_NAME)";
				SWIFT_VERSION = 3.0;
			};
			name = Release;
		};
		AF0D4CCB1E1247FF00528866 /* Debug */ = {
			isa = XCBuildConfiguration;
			buildSettings = {
				ALWAYS_EMBED_SWIFT_STANDARD_LIBRARIES = YES;
				BUNDLE_LOADER = "$(TEST_HOST)";
				INFOPLIST_FILE = tableviewDemoTests/Info.plist;
				LD_RUNPATH_SEARCH_PATHS = "$(inherited) @executable_path/Frameworks @loader_path/Frameworks";
				PRODUCT_BUNDLE_IDENTIFIER = com.zaptechsolution.tableviewDemoTests;
				PRODUCT_NAME = "$(TARGET_NAME)";
				SWIFT_VERSION = 3.0;
				TEST_HOST = "$(BUILT_PRODUCTS_DIR)/tableviewDemo.app/tableviewDemo";
			};
			name = Debug;
		};
		AF0D4CCC1E1247FF00528866 /* Release */ = {
			isa = XCBuildConfiguration;
			buildSettings = {
				ALWAYS_EMBED_SWIFT_STANDARD_LIBRARIES = YES;
				BUNDLE_LOADER = "$(TEST_HOST)";
				INFOPLIST_FILE = tableviewDemoTests/Info.plist;
				LD_RUNPATH_SEARCH_PATHS = "$(inherited) @executable_path/Frameworks @loader_path/Frameworks";
				PRODUCT_BUNDLE_IDENTIFIER = com.zaptechsolution.tableviewDemoTests;
				PRODUCT_NAME = "$(TARGET_NAME)";
				SWIFT_VERSION = 3.0;
				TEST_HOST = "$(BUILT_PRODUCTS_DIR)/tableviewDemo.app/tableviewDemo";
			};
			name = Release;
		};
		AF0D4CCE1E1247FF00528866 /* Debug */ = {
			isa = XCBuildConfiguration;
			buildSettings = {
				ALWAYS_EMBED_SWIFT_STANDARD_LIBRARIES = YES;
				INFOPLIST_FILE = tableviewDemoUITests/Info.plist;
				LD_RUNPATH_SEARCH_PATHS = "$(inherited) @executable_path/Frameworks @loader_path/Frameworks";
				PRODUCT_BUNDLE_IDENTIFIER = com.zaptechsolution.tableviewDemoUITests;
				PRODUCT_NAME = "$(TARGET_NAME)";
				SWIFT_VERSION = 3.0;
				TEST_TARGET_NAME = tableviewDemo;
			};
			name = Debug;
		};
		AF0D4CCF1E1247FF00528866 /* Release */ = {
			isa = XCBuildConfiguration;
			buildSettings = {
				ALWAYS_EMBED_SWIFT_STANDARD_LIBRARIES = YES;
				INFOPLIST_FILE = tableviewDemoUITests/Info.plist;
				LD_RUNPATH_SEARCH_PATHS = "$(inherited) @executable_path/Frameworks @loader_path/Frameworks";
				PRODUCT_BUNDLE_IDENTIFIER = com.zaptechsolution.tableviewDemoUITests;
				PRODUCT_NAME = "$(TARGET_NAME)";
				SWIFT_VERSION = 3.0;
				TEST_TARGET_NAME = tableviewDemo;
			};
			name = Release;
		};
/* End XCBuildConfiguration section */

/* Begin XCConfigurationList section */
		AF0D4C9A1E1247FE00528866 /* Build configuration list for PBXProject "tableviewDemo" */ = {
			isa = XCConfigurationList;
			buildConfigurations = (
				AF0D4CC51E1247FF00528866 /* Debug */,
				AF0D4CC61E1247FF00528866 /* Release */,
			);
			defaultConfigurationIsVisible = 0;
			defaultConfigurationName = Release;
		};
		AF0D4CC71E1247FF00528866 /* Build configuration list for PBXNativeTarget "tableviewDemo" */ = {
			isa = XCConfigurationList;
			buildConfigurations = (
				AF0D4CC81E1247FF00528866 /* Debug */,
				AF0D4CC91E1247FF00528866 /* Release */,
			);
			defaultConfigurationIsVisible = 0;
		};
		AF0D4CCA1E1247FF00528866 /* Build configuration list for PBXNativeTarget "tableviewDemoTests" */ = {
			isa = XCConfigurationList;
			buildConfigurations = (
				AF0D4CCB1E1247FF00528866 /* Debug */,
				AF0D4CCC1E1247FF00528866 /* Release */,
			);
			defaultConfigurationIsVisible = 0;
		};
		AF0D4CCD1E1247FF00528866 /* Build configuration list for PBXNativeTarget "tableviewDemoUITests" */ = {
			isa = XCConfigurationList;
			buildConfigurations = (
				AF0D4CCE1E1247FF00528866 /* Debug */,
				AF0D4CCF1E1247FF00528866 /* Release */,
			);
			defaultConfigurationIsVisible = 0;
		};
/* End XCConfigurationList section */
	};
	rootObject = AF0D4C971E1247FE00528866 /* Project object */;
}
